
Microsoft Visual Studio Solution File, Format Version 12.00
Project("{FAE04EC0-301F-11D3-BF4B-00C04F79EFBC}") = "Mqtt.Tor", "Mqtt.Tor\Mqtt.Tor.csproj", "{5A455DCF-C4AA-4850-BBFD-C95862A01786}"
EndProject
Project("{FAE04EC0-301F-11D3-BF4B-00C04F79EFBC}") = "Mqtt.Store", "Mqtt.Store\Mqtt.Store.csproj", "{2FB663E5-A0F5-404B-8764-D8244BAE5998}"
EndProject
Global
	GlobalSection(SolutionConfigurationPlatforms) = preSolution
		Debug|Any CPU = Debug|Any CPU
		Release|Any CPU = Release|Any CPU
	EndGlobalSection
	GlobalSection(ProjectConfigurationPlatforms) = postSolution
		{5A455DCF-C4AA-4850-BBFD-C95862A01786}.Debug|Any CPU.ActiveCfg = Debug|Any CPU
		{5A455DCF-C4AA-4850-BBFD-C95862A01786}.Debug|Any CPU.Build.0 = Debug|Any CPU
		{5A455DCF-C4AA-4850-BBFD-C95862A01786}.Release|Any CPU.ActiveCfg = Release|Any CPU
		{5A455DCF-C4AA-4850-BBFD-C95862A01786}.Release|Any CPU.Build.0 = Release|Any CPU
		{2FB663E5-A0F5-404B-8764-D8244BAE5998}.Debug|Any CPU.ActiveCfg = Debug|Any CPU
		{2FB663E5-A0F5-404B-8764-D8244BAE5998}.Debug|Any CPU.Build.0 = Debug|Any CPU
		{2FB663E5-A0F5-404B-8764-D8244BAE5998}.Release|Any CPU.ActiveCfg = Release|Any CPU
		{2FB663E5-A0F5-404B-8764-D8244BAE5998}.Release|Any CPU.Build.0 = Release|Any CPU
	EndGlobalSection
EndGlobal
